
Microsoft Visual Studio Solution File, Format Version 10.00
# Visual Studio 2008
Project("{8BC9CEB8-8B4A-11D0-8D11-00A0C91BC942}") = "snake", "snake\snake.vcproj", "{E38A8A13-F9C0-4E51-B926-C60DB8077034}"
EndProject
Global
	GlobalSection(SolutionConfigurationPlatforms) = preSolution
		Debug|Win32 = Debug|Win32
		Release|Win32 = Release|Win32
	EndGlobalSection
	GlobalSection(ProjectConfigurationPlatforms) = postSolution
		{E38A8A13-F9C0-4E51-B926-C60DB8077034}.Debug|Win32.ActiveCfg = Debug|Win32
		{E38A8A13-F9C0-4E51-B926-C60DB8077034}.Debug|Win32.Build.0 = Debug|Win32
		{E38A8A13-F9C0-4E51-B926-C60DB8077034}.Release|Win32.ActiveCfg = Release|Win32
		{E38A8A13-F9C0-4E51-B926-C60DB8077034}.Release|Win32.Build.0 = Release|Win32
	EndGlobalSection
	GlobalSection(SolutionProperties) = preSolution
		HideSolutionNode = FALSE
	EndGlobalSection
EndGlobal
